
Microsoft Visual Studio Solution File, Format Version 12.00
# Visual Studio 15
Project("{FAE04EC0-301F-11D3-BF4B-00C04F79EFBC}") = "Assembly-CSharp-Editor", "Assembly-CSharp-Editor.csproj", "{8BE1906C-E563-1E84-6D16-93550EDF902E}"
EndProject
Project("{FAE04EC0-301F-11D3-BF4B-00C04F79EFBC}") = "Assembly-CSharp", "Assembly-CSharp.csproj", "{EF81F694-A2EB-C3DD-B3E0-8B58217C9C45}"
EndProject
Global
	GlobalSection(SolutionConfigurationPlatforms) = preSolution
		Debug|Any CPU = Debug|Any CPU
		Release|Any CPU = Release|Any CPU
	EndGlobalSection
	GlobalSection(ProjectConfigurationPlatforms) = postSolution
		{8BE1906C-E563-1E84-6D16-93550EDF902E}.Debug|Any CPU.ActiveCfg = Debug|Any CPU
		{8BE1906C-E563-1E84-6D16-93550EDF902E}.Debug|Any CPU.Build.0 = Debug|Any CPU
		{8BE1906C-E563-1E84-6D16-93550EDF902E}.Release|Any CPU.ActiveCfg = Release|Any CPU
		{8BE1906C-E563-1E84-6D16-93550EDF902E}.Release|Any CPU.Build.0 = Release|Any CPU
		{EF81F694-A2EB-C3DD-B3E0-8B58217C9C45}.Debug|Any CPU.ActiveCfg = Debug|Any CPU
		{EF81F694-A2EB-C3DD-B3E0-8B58217C9C45}.Debug|Any CPU.Build.0 = Debug|Any CPU
		{EF81F694-A2EB-C3DD-B3E0-8B58217C9C45}.Release|Any CPU.ActiveCfg = Release|Any CPU
		{EF81F694-A2EB-C3DD-B3E0-8B58217C9C45}.Release|Any CPU.Build.0 = Release|Any CPU
	EndGlobalSection
	GlobalSection(SolutionProperties) = preSolution
		HideSolutionNode = FALSE
	EndGlobalSection
EndGlobal
